// !$*UTF8*$!
{
	archiveVersion = 1;
	classes = {
	};
	objectVersion = 56;
	objects = {

/* Begin PBXBuildFile section */
		91FD129B2BD76DD200AEDC0B /* main.cpp in Sources */ = {isa = PBXBuildFile; fileRef = 91FD129A2BD76DD200AEDC0B /* main.cpp */; };
		91FD12A32BD76DF000AEDC0B /* Chess.cpp in Sources */ = {isa = PBXBuildFile; fileRef = 91FD12A12BD76DF000AEDC0B /* Chess.cpp */; };
		91FD12A62BD76DF900AEDC0B /* Piece.cpp in Sources */ = {isa = PBXBuildFile; fileRef = 91FD12A42BD76DF900AEDC0B /* Piece.cpp */; };
		91FD12A92BD76EE400AEDC0B /* Player.cpp in Sources */ = {isa = PBXBuildFile; fileRef = 91FD12A72BD76EE400AEDC0B /* Player.cpp */; };
		91FD12AC2BD76F1000AEDC0B /* King.cpp in Sources */ = {isa = PBXBuildFile; fileRef = 91FD12AA2BD76F1000AEDC0B /* King.cpp */; };
		91FD12AF2BD76F1D00AEDC0B /* Queen.cpp in Sources */ = {isa = PBXBuildFile; fileRef = 91FD12AD2BD76F1D00AEDC0B /* Queen.cpp */; };
		91FD12B22BD76F2600AEDC0B /* Pawn.cpp in Sources */ = {isa = PBXBuildFile; fileRef = 91FD12B02BD76F2600AEDC0B /* Pawn.cpp */; };
		91FD12B52BD76F3200AEDC0B /* Knight.cpp in Sources */ = {isa = PBXBuildFile; fileRef = 91FD12B32BD76F3200AEDC0B /* Knight.cpp */; };
		91FD12B82BD76F3F00AEDC0B /* Bishop.cpp in Sources */ = {isa = PBXBuildFile; fileRef = 91FD12B62BD76F3F00AEDC0B /* Bishop.cpp */; };
		91FD12BB2BD76F4800AEDC0B /* Rook.cpp in Sources */ = {isa = PBXBuildFile; fileRef = 91FD12B92BD76F4800AEDC0B /* Rook.cpp */; };
		91FD12C22BD76FD200AEDC0B /* libsfml-graphics.2.6.1.dylib in Frameworks */ = {isa = PBXBuildFile; fileRef = 91FD12BD2BD76FD200AEDC0B /* libsfml-graphics.2.6.1.dylib */; };
		91FD12C32BD76FD200AEDC0B /* libsfml-network.2.6.1.dylib in Frameworks */ = {isa = PBXBuildFile; fileRef = 91FD12BE2BD76FD200AEDC0B /* libsfml-network.2.6.1.dylib */; };
		91FD12C42BD76FD200AEDC0B /* libsfml-audio.2.6.1.dylib in Frameworks */ = {isa = PBXBuildFile; fileRef = 91FD12BF2BD76FD200AEDC0B /* libsfml-audio.2.6.1.dylib */; };
		91FD12C52BD76FD200AEDC0B /* libsfml-window.2.6.1.dylib in Frameworks */ = {isa = PBXBuildFile; fileRef = 91FD12C02BD76FD200AEDC0B /* libsfml-window.2.6.1.dylib */; };
		91FD12C62BD76FD200AEDC0B /* libsfml-system.2.6.1.dylib in Frameworks */ = {isa = PBXBuildFile; fileRef = 91FD12C12BD76FD200AEDC0B /* libsfml-system.2.6.1.dylib */; };
		91FD12C92BD7704C00AEDC0B /* Board.cpp in Sources */ = {isa = PBXBuildFile; fileRef = 91FD12C72BD7704C00AEDC0B /* Board.cpp */; };
/* End PBXBuildFile section */

/* Begin PBXCopyFilesBuildPhase section */
		91FD12952BD76DD200AEDC0B /* CopyFiles */ = {
			isa = PBXCopyFilesBuildPhase;
			buildActionMask = 2147483647;
			dstPath = /usr/share/man/man1/;
			dstSubfolderSpec = 0;
			files = (
			);
			runOnlyForDeploymentPostprocessing = 1;
		};
/* End PBXCopyFilesBuildPhase section */

/* Begin PBXFileReference section */
		919E374D2BDCFEFD008533CE /* chessState.txt */ = {isa = PBXFileReference; lastKnownFileType = text; path = chessState.txt; sourceTree = "<group>"; };
		91FD12972BD76DD200AEDC0B /* Chess */ = {isa = PBXFileReference; explicitFileType = "compiled.mach-o.executable"; includeInIndex = 0; path = Chess; sourceTree = BUILT_PRODUCTS_DIR; };
		91FD129A2BD76DD200AEDC0B /* main.cpp */ = {isa = PBXFileReference; lastKnownFileType = sourcecode.cpp.cpp; path = main.cpp; sourceTree = "<group>"; };
		91FD12A12BD76DF000AEDC0B /* Chess.cpp */ = {isa = PBXFileReference; lastKnownFileType = sourcecode.cpp.cpp; path = Chess.cpp; sourceTree = "<group>"; };
		91FD12A22BD76DF000AEDC0B /* Chess.hpp */ = {isa = PBXFileReference; lastKnownFileType = sourcecode.cpp.h; path = Chess.hpp; sourceTree = "<group>"; };
		91FD12A42BD76DF900AEDC0B /* Piece.cpp */ = {isa = PBXFileReference; lastKnownFileType = sourcecode.cpp.cpp; path = Piece.cpp; sourceTree = "<group>"; };
		91FD12A52BD76DF900AEDC0B /* Piece.hpp */ = {isa = PBXFileReference; lastKnownFileType = sourcecode.cpp.h; path = Piece.hpp; sourceTree = "<group>"; };
		91FD12A72BD76EE400AEDC0B /* Player.cpp */ = {isa = PBXFileReference; lastKnownFileType = sourcecode.cpp.cpp; path = Player.cpp; sourceTree = "<group>"; };
		91FD12A82BD76EE400AEDC0B /* Player.hpp */ = {isa = PBXFileReference; lastKnownFileType = sourcecode.cpp.h; path = Player.hpp; sourceTree = "<group>"; };
		91FD12AA2BD76F1000AEDC0B /* King.cpp */ = {isa = PBXFileReference; lastKnownFileType = sourcecode.cpp.cpp; path = King.cpp; sourceTree = "<group>"; };
		91FD12AB2BD76F1000AEDC0B /* King.hpp */ = {isa = PBXFileReference; lastKnownFileType = sourcecode.cpp.h; path = King.hpp; sourceTree = "<group>"; };
		91FD12AD2BD76F1D00AEDC0B /* Queen.cpp */ = {isa = PBXFileReference; lastKnownFileType = sourcecode.cpp.cpp; path = Queen.cpp; sourceTree = "<group>"; };
		91FD12AE2BD76F1D00AEDC0B /* Queen.hpp */ = {isa = PBXFileReference; lastKnownFileType = sourcecode.cpp.h; path = Queen.hpp; sourceTree = "<group>"; };
		91FD12B02BD76F2600AEDC0B /* Pawn.cpp */ = {isa = PBXFileReference; lastKnownFileType = sourcecode.cpp.cpp; path = Pawn.cpp; sourceTree = "<group>"; };
		91FD12B12BD76F2600AEDC0B /* Pawn.hpp */ = {isa = PBXFileReference; lastKnownFileType = sourcecode.cpp.h; path = Pawn.hpp; sourceTree = "<group>"; };
		91FD12B32BD76F3200AEDC0B /* Knight.cpp */ = {isa = PBXFileReference; lastKnownFileType = sourcecode.cpp.cpp; path = Knight.cpp; sourceTree = "<group>"; };
		91FD12B42BD76F3200AEDC0B /* Knight.hpp */ = {isa = PBXFileReference; lastKnownFileType = sourcecode.cpp.h; path = Knight.hpp; sourceTree = "<group>"; };
		91FD12B62BD76F3F00AEDC0B /* Bishop.cpp */ = {isa = PBXFileReference; lastKnownFileType = sourcecode.cpp.cpp; path = Bishop.cpp; sourceTree = "<group>"; };
		91FD12B72BD76F3F00AEDC0B /* Bishop.hpp */ = {isa = PBXFileReference; lastKnownFileType = sourcecode.cpp.h; path = Bishop.hpp; sourceTree = "<group>"; };
		91FD12B92BD76F4800AEDC0B /* Rook.cpp */ = {isa = PBXFileReference; lastKnownFileType = sourcecode.cpp.cpp; path = Rook.cpp; sourceTree = "<group>"; };
		91FD12BA2BD76F4800AEDC0B /* Rook.hpp */ = {isa = PBXFileReference; lastKnownFileType = sourcecode.cpp.h; path = Rook.hpp; sourceTree = "<group>"; };
		91FD12BD2BD76FD200AEDC0B /* libsfml-graphics.2.6.1.dylib */ = {isa = PBXFileReference; lastKnownFileType = "compiled.mach-o.dylib"; name = "libsfml-graphics.2.6.1.dylib"; path = "ExternalLibraries/SFML/lib/libsfml-graphics.2.6.1.dylib"; sourceTree = "<group>"; };
		91FD12BE2BD76FD200AEDC0B /* libsfml-network.2.6.1.dylib */ = {isa = PBXFileReference; lastKnownFileType = "compiled.mach-o.dylib"; name = "libsfml-network.2.6.1.dylib"; path = "ExternalLibraries/SFML/lib/libsfml-network.2.6.1.dylib"; sourceTree = "<group>"; };
		91FD12BF2BD76FD200AEDC0B /* libsfml-audio.2.6.1.dylib */ = {isa = PBXFileReference; lastKnownFileType = "compiled.mach-o.dylib"; name = "libsfml-audio.2.6.1.dylib"; path = "ExternalLibraries/SFML/lib/libsfml-audio.2.6.1.dylib"; sourceTree = "<group>"; };
		91FD12C02BD76FD200AEDC0B /* libsfml-window.2.6.1.dylib */ = {isa = PBXFileReference; lastKnownFileType = "compiled.mach-o.dylib"; name = "libsfml-window.2.6.1.dylib"; path = "ExternalLibraries/SFML/lib/libsfml-window.2.6.1.dylib"; sourceTree = "<group>"; };
		91FD12C12BD76FD200AEDC0B /* libsfml-system.2.6.1.dylib */ = {isa = PBXFileReference; lastKnownFileType = "compiled.mach-o.dylib"; name = "libsfml-system.2.6.1.dylib"; path = "ExternalLibraries/SFML/lib/libsfml-system.2.6.1.dylib"; sourceTree = "<group>"; };
		91FD12C72BD7704C00AEDC0B /* Board.cpp */ = {isa = PBXFileReference; lastKnownFileType = sourcecode.cpp.cpp; path = Board.cpp; sourceTree = "<group>"; };
		91FD12C82BD7704C00AEDC0B /* Board.hpp */ = {isa = PBXFileReference; lastKnownFileType = sourcecode.cpp.h; path = Board.hpp; sourceTree = "<group>"; };
		91FD12CA2BD7708700AEDC0B /* Util.h */ = {isa = PBXFileReference; lastKnownFileType = sourcecode.c.h; path = Util.h; sourceTree = "<group>"; };
/* End PBXFileReference section */

/* Begin PBXFrameworksBuildPhase section */
		91FD12942BD76DD200AEDC0B /* Frameworks */ = {
			isa = PBXFrameworksBuildPhase;
			buildActionMask = 2147483647;
			files = (
				91FD12C22BD76FD200AEDC0B /* libsfml-graphics.2.6.1.dylib in Frameworks */,
				91FD12C32BD76FD200AEDC0B /* libsfml-network.2.6.1.dylib in Frameworks */,
				91FD12C42BD76FD200AEDC0B /* libsfml-audio.2.6.1.dylib in Frameworks */,
				91FD12C52BD76FD200AEDC0B /* libsfml-window.2.6.1.dylib in Frameworks */,
				91FD12C62BD76FD200AEDC0B /* libsfml-system.2.6.1.dylib in Frameworks */,
			);
			runOnlyForDeploymentPostprocessing = 0;
		};
/* End PBXFrameworksBuildPhase section */

/* Begin PBXGroup section */
		91FD128E2BD76DD200AEDC0B = {
			isa = PBXGroup;
			children = (
				91FD12992BD76DD200AEDC0B /* Chess */,
				91FD12982BD76DD200AEDC0B /* Products */,
				91FD12BC2BD76FD200AEDC0B /* Frameworks */,
			);
			sourceTree = "<group>";
		};
		91FD12982BD76DD200AEDC0B /* Products */ = {
			isa = PBXGroup;
			children = (
				91FD12972BD76DD200AEDC0B /* Chess */,
			);
			name = Products;
			sourceTree = "<group>";
		};
		91FD12992BD76DD200AEDC0B /* Chess */ = {
			isa = PBXGroup;
			children = (
				91FD129A2BD76DD200AEDC0B /* main.cpp */,
				91FD12CA2BD7708700AEDC0B /* Util.h */,
				91FD12A12BD76DF000AEDC0B /* Chess.cpp */,
				91FD12A22BD76DF000AEDC0B /* Chess.hpp */,
				91FD12C72BD7704C00AEDC0B /* Board.cpp */,
				91FD12C82BD7704C00AEDC0B /* Board.hpp */,
				91FD12A72BD76EE400AEDC0B /* Player.cpp */,
				91FD12A82BD76EE400AEDC0B /* Player.hpp */,
				91FD12A42BD76DF900AEDC0B /* Piece.cpp */,
				91FD12A52BD76DF900AEDC0B /* Piece.hpp */,
				91FD12AA2BD76F1000AEDC0B /* King.cpp */,
				91FD12AB2BD76F1000AEDC0B /* King.hpp */,
				91FD12AD2BD76F1D00AEDC0B /* Queen.cpp */,
				91FD12AE2BD76F1D00AEDC0B /* Queen.hpp */,
				91FD12B02BD76F2600AEDC0B /* Pawn.cpp */,
				91FD12B12BD76F2600AEDC0B /* Pawn.hpp */,
				91FD12B32BD76F3200AEDC0B /* Knight.cpp */,
				91FD12B42BD76F3200AEDC0B /* Knight.hpp */,
				91FD12B62BD76F3F00AEDC0B /* Bishop.cpp */,
				91FD12B72BD76F3F00AEDC0B /* Bishop.hpp */,
				91FD12B92BD76F4800AEDC0B /* Rook.cpp */,
				91FD12BA2BD76F4800AEDC0B /* Rook.hpp */,
				919E374D2BDCFEFD008533CE /* chessState.txt */,
			);
			path = Chess;
			sourceTree = "<group>";
		};
		91FD12BC2BD76FD200AEDC0B /* Frameworks */ = {
			isa = PBXGroup;
			children = (
				91FD12BF2BD76FD200AEDC0B /* libsfml-audio.2.6.1.dylib */,
				91FD12BD2BD76FD200AEDC0B /* libsfml-graphics.2.6.1.dylib */,
				91FD12BE2BD76FD200AEDC0B /* libsfml-network.2.6.1.dylib */,
				91FD12C12BD76FD200AEDC0B /* libsfml-system.2.6.1.dylib */,
				91FD12C02BD76FD200AEDC0B /* libsfml-window.2.6.1.dylib */,
			);
			name = Frameworks;
			sourceTree = "<group>";
		};
/* End PBXGroup section */

/* Begin PBXNativeTarget section */
		91FD12962BD76DD200AEDC0B /* Chess */ = {
			isa = PBXNativeTarget;
			buildConfigurationList = 91FD129E2BD76DD200AEDC0B /* Build configuration list for PBXNativeTarget "Chess" */;
			buildPhases = (
				91FD12932BD76DD200AEDC0B /* Sources */,
				91FD12942BD76DD200AEDC0B /* Frameworks */,
				91FD12952BD76DD200AEDC0B /* CopyFiles */,
			);
			buildRules = (
			);
			dependencies = (
			);
			name = Chess;
			productName = Chess;
			productReference = 91FD12972BD76DD200AEDC0B /* Chess */;
			productType = "com.apple.product-type.tool";
		};
/* End PBXNativeTarget section */

/* Begin PBXProject section */
		91FD128F2BD76DD200AEDC0B /* Project object */ = {
			isa = PBXProject;
			attributes = {
				BuildIndependentTargetsInParallel = 1;
				LastUpgradeCheck = 1430;
				TargetAttributes = {
					91FD12962BD76DD200AEDC0B = {
						CreatedOnToolsVersion = 14.3.1;
					};
				};
			};
			buildConfigurationList = 91FD12922BD76DD200AEDC0B /* Build configuration list for PBXProject "Chess" */;
			compatibilityVersion = "Xcode 14.0";
			developmentRegion = en;
			hasScannedForEncodings = 0;
			knownRegions = (
				en,
				Base,
			);
			mainGroup = 91FD128E2BD76DD200AEDC0B;
			productRefGroup = 91FD12982BD76DD200AEDC0B /* Products */;
			projectDirPath = "";
			projectRoot = "";
			targets = (
				91FD12962BD76DD200AEDC0B /* Chess */,
			);
		};
/* End PBXProject section */

/* Begin PBXSourcesBuildPhase section */
		91FD12932BD76DD200AEDC0B /* Sources */ = {
			isa = PBXSourcesBuildPhase;
			buildActionMask = 2147483647;
			files = (
				91FD12B52BD76F3200AEDC0B /* Knight.cpp in Sources */,
				91FD12B82BD76F3F00AEDC0B /* Bishop.cpp in Sources */,
				91FD12AF2BD76F1D00AEDC0B /* Queen.cpp in Sources */,
				91FD12A92BD76EE400AEDC0B /* Player.cpp in Sources */,
				91FD12BB2BD76F4800AEDC0B /* Rook.cpp in Sources */,
				91FD12A62BD76DF900AEDC0B /* Piece.cpp in Sources */,
				91FD12B22BD76F2600AEDC0B /* Pawn.cpp in Sources */,
				91FD12C92BD7704C00AEDC0B /* Board.cpp in Sources */,
				91FD12A32BD76DF000AEDC0B /* Chess.cpp in Sources */,
				91FD129B2BD76DD200AEDC0B /* main.cpp in Sources */,
				91FD12AC2BD76F1000AEDC0B /* King.cpp in Sources */,
			);
			runOnlyForDeploymentPostprocessing = 0;
		};
/* End PBXSourcesBuildPhase section */

/* Begin XCBuildConfiguration section */
		91FD129C2BD76DD200AEDC0B /* Debug */ = {
			isa = XCBuildConfiguration;
			buildSettings = {
				ALWAYS_SEARCH_USER_PATHS = NO;
				CLANG_ANALYZER_NONNULL = YES;
				CLANG_ANALYZER_NUMBER_OBJECT_CONVERSION = YES_AGGRESSIVE;
				CLANG_CXX_LANGUAGE_STANDARD = "gnu++20";
				CLANG_ENABLE_MODULES = YES;
				CLANG_ENABLE_OBJC_ARC = YES;
				CLANG_ENABLE_OBJC_WEAK = YES;
				CLANG_WARN_BLOCK_CAPTURE_AUTORELEASING = YES;
				CLANG_WARN_BOOL_CONVERSION = YES;
				CLANG_WARN_COMMA = YES;
				CLANG_WARN_CONSTANT_CONVERSION = YES;
				CLANG_WARN_DEPRECATED_OBJC_IMPLEMENTATIONS = YES;
				CLANG_WARN_DIRECT_OBJC_ISA_USAGE = YES_ERROR;
				CLANG_WARN_DOCUMENTATION_COMMENTS = YES;
				CLANG_WARN_EMPTY_BODY = YES;
				CLANG_WARN_ENUM_CONVERSION = YES;
				CLANG_WARN_INFINITE_RECURSION = YES;
				CLANG_WARN_INT_CONVERSION = YES;
				CLANG_WARN_NON_LITERAL_NULL_CONVERSION = YES;
				CLANG_WARN_OBJC_IMPLICIT_RETAIN_SELF = YES;
				CLANG_WARN_OBJC_LITERAL_CONVERSION = YES;
				CLANG_WARN_OBJC_ROOT_CLASS = YES_ERROR;
				CLANG_WARN_QUOTED_INCLUDE_IN_FRAMEWORK_HEADER = YES;
				CLANG_WARN_RANGE_LOOP_ANALYSIS = YES;
				CLANG_WARN_STRICT_PROTOTYPES = YES;
				CLANG_WARN_SUSPICIOUS_MOVE = YES;
				CLANG_WARN_UNGUARDED_AVAILABILITY = YES_AGGRESSIVE;
				CLANG_WARN_UNREACHABLE_CODE = YES;
				CLANG_WARN__DUPLICATE_METHOD_MATCH = YES;
				COPY_PHASE_STRIP = NO;
				DEBUG_INFORMATION_FORMAT = dwarf;
				ENABLE_STRICT_OBJC_MSGSEND = YES;
				ENABLE_TESTABILITY = YES;
				GCC_C_LANGUAGE_STANDARD = gnu11;
				GCC_DYNAMIC_NO_PIC = NO;
				GCC_NO_COMMON_BLOCKS = YES;
				GCC_OPTIMIZATION_LEVEL = 0;
				GCC_PREPROCESSOR_DEFINITIONS = (
					"DEBUG=1",
					"$(inherited)",
				);
				GCC_WARN_64_TO_32_BIT_CONVERSION = YES;
				GCC_WARN_ABOUT_RETURN_TYPE = YES_ERROR;
				GCC_WARN_UNDECLARED_SELECTOR = YES;
				GCC_WARN_UNINITIALIZED_AUTOS = YES_AGGRESSIVE;
				GCC_WARN_UNUSED_FUNCTION = YES;
				GCC_WARN_UNUSED_VARIABLE = YES;
				MACOSX_DEPLOYMENT_TARGET = 13.3;
				MTL_ENABLE_DEBUG_INFO = INCLUDE_SOURCE;
				MTL_FAST_MATH = YES;
				ONLY_ACTIVE_ARCH = YES;
				SDKROOT = macosx;
			};
			name = Debug;
		};
		91FD129D2BD76DD200AEDC0B /* Release */ = {
			isa = XCBuildConfiguration;
			buildSettings = {
				ALWAYS_SEARCH_USER_PATHS = NO;
				CLANG_ANALYZER_NONNULL = YES;
				CLANG_ANALYZER_NUMBER_OBJECT_CONVERSION = YES_AGGRESSIVE;
				CLANG_CXX_LANGUAGE_STANDARD = "gnu++20";
				CLANG_ENABLE_MODULES = YES;
				CLANG_ENABLE_OBJC_ARC = YES;
				CLANG_ENABLE_OBJC_WEAK = YES;
				CLANG_WARN_BLOCK_CAPTURE_AUTORELEASING = YES;
				CLANG_WARN_BOOL_CONVERSION = YES;
				CLANG_WARN_COMMA = YES;
				CLANG_WARN_CONSTANT_CONVERSION = YES;
				CLANG_WARN_DEPRECATED_OBJC_IMPLEMENTATIONS = YES;
				CLANG_WARN_DIRECT_OBJC_ISA_USAGE = YES_ERROR;
				CLANG_WARN_DOCUMENTATION_COMMENTS = YES;
				CLANG_WARN_EMPTY_BODY = YES;
				CLANG_WARN_ENUM_CONVERSION = YES;
				CLANG_WARN_INFINITE_RECURSION = YES;
				CLANG_WARN_INT_CONVERSION = YES;
				CLANG_WARN_NON_LITERAL_NULL_CONVERSION = YES;
				CLANG_WARN_OBJC_IMPLICIT_RETAIN_SELF = YES;
				CLANG_WARN_OBJC_LITERAL_CONVERSION = YES;
				CLANG_WARN_OBJC_ROOT_CLASS = YES_ERROR;
				CLANG_WARN_QUOTED_INCLUDE_IN_FRAMEWORK_HEADER = YES;
				CLANG_WARN_RANGE_LOOP_ANALYSIS = YES;
				CLANG_WARN_STRICT_PROTOTYPES = YES;
				CLANG_WARN_SUSPICIOUS_MOVE = YES;
				CLANG_WARN_UNGUARDED_AVAILABILITY = YES_AGGRESSIVE;
				CLANG_WARN_UNREACHABLE_CODE = YES;
				CLANG_WARN__DUPLICATE_METHOD_MATCH = YES;
				COPY_PHASE_STRIP = NO;
				DEBUG_INFORMATION_FORMAT = "dwarf-with-dsym";
				ENABLE_NS_ASSERTIONS = NO;
				ENABLE_STRICT_OBJC_MSGSEND = YES;
				GCC_C_LANGUAGE_STANDARD = gnu11;
				GCC_NO_COMMON_BLOCKS = YES;
				GCC_WARN_64_TO_32_BIT_CONVERSION = YES;
				GCC_WARN_ABOUT_RETURN_TYPE = YES_ERROR;
				GCC_WARN_UNDECLARED_SELECTOR = YES;
				GCC_WARN_UNINITIALIZED_AUTOS = YES_AGGRESSIVE;
				GCC_WARN_UNUSED_FUNCTION = YES;
				GCC_WARN_UNUSED_VARIABLE = YES;
				MACOSX_DEPLOYMENT_TARGET = 13.3;
				MTL_ENABLE_DEBUG_INFO = NO;
				MTL_FAST_MATH = YES;
				SDKROOT = macosx;
			};
			name = Release;
		};
		91FD129F2BD76DD200AEDC0B /* Debug */ = {
			isa = XCBuildConfiguration;
			buildSettings = {
				CODE_SIGN_STYLE = Automatic;
				FRAMEWORK_SEARCH_PATHS = "";
				HEADER_SEARCH_PATHS = "${SRCROOT}/ExternalLibraries/SFML/include";
				LIBRARY_SEARCH_PATHS = (
					"$(inherited)",
					"$(PROJECT_DIR)/ExternalLibraries/SFML/lib",
				);
				PRODUCT_NAME = "$(TARGET_NAME)";
			};
			name = Debug;
		};
		91FD12A02BD76DD200AEDC0B /* Release */ = {
			isa = XCBuildConfiguration;
			buildSettings = {
				CODE_SIGN_STYLE = Automatic;
				FRAMEWORK_SEARCH_PATHS = "";
				HEADER_SEARCH_PATHS = "${SRCROOT}/ExternalLibraries/SFML/include";
				LIBRARY_SEARCH_PATHS = (
					"$(inherited)",
					"$(PROJECT_DIR)/ExternalLibraries/SFML/lib",
				);
				PRODUCT_NAME = "$(TARGET_NAME)";
			};
			name = Release;
		};
/* End XCBuildConfiguration section */

/* Begin XCConfigurationList section */
		91FD12922BD76DD200AEDC0B /* Build configuration list for PBXProject "Chess" */ = {
			isa = XCConfigurationList;
			buildConfigurations = (
				91FD129C2BD76DD200AEDC0B /* Debug */,
				91FD129D2BD76DD200AEDC0B /* Release */,
			);
			defaultConfigurationIsVisible = 0;
			defaultConfigurationName = Release;
		};
		91FD129E2BD76DD200AEDC0B /* Build configuration list for PBXNativeTarget "Chess" */ = {
			isa = XCConfigurationList;
			buildConfigurations = (
				91FD129F2BD76DD200AEDC0B /* Debug */,
				91FD12A02BD76DD200AEDC0B /* Release */,
			);
			defaultConfigurationIsVisible = 0;
			defaultConfigurationName = Release;
		};
/* End XCConfigurationList section */
	};
	rootObject = 91FD128F2BD76DD200AEDC0B /* Project object */;
}
